// !$*UTF8*$!
{
	archiveVersion = 1;
	classes = {
	};
	objectVersion = 56;
	objects = {

/* Begin PBXBuildFile section */
		E75A9A7B291DF221006C6825 /* AppDelegate.swift in Sources */ = {isa = PBXBuildFile; fileRef = E75A9A7A291DF221006C6825 /* AppDelegate.swift */; };
		E75A9A7D291DF221006C6825 /* SceneDelegate.swift in Sources */ = {isa = PBXBuildFile; fileRef = E75A9A7C291DF221006C6825 /* SceneDelegate.swift */; };
		E75A9A7F291DF221006C6825 /* TestViewController.swift in Sources */ = {isa = PBXBuildFile; fileRef = E75A9A7E291DF221006C6825 /* TestViewController.swift */; };
		E75A9A84291DF223006C6825 /* Assets.xcassets in Resources */ = {isa = PBXBuildFile; fileRef = E75A9A83291DF223006C6825 /* Assets.xcassets */; };
		E75A9A87291DF223006C6825 /* LaunchScreen.storyboard in Resources */ = {isa = PBXBuildFile; fileRef = E75A9A85291DF223006C6825 /* LaunchScreen.storyboard */; };
		E75A9A8F291E041C006C6825 /* UserModel.swift in Sources */ = {isa = PBXBuildFile; fileRef = E75A9A8E291E041C006C6825 /* UserModel.swift */; };
		E75A9A91291E04B1006C6825 /* UserCell.swift in Sources */ = {isa = PBXBuildFile; fileRef = E75A9A90291E04B1006C6825 /* UserCell.swift */; };
		E75E68D2292954C10089EE8D /* ViewController.swift in Sources */ = {isa = PBXBuildFile; fileRef = E75E68CF292954C10089EE8D /* ViewController.swift */; };
		E75E68D3292954C10089EE8D /* CollectionViewCell.swift in Sources */ = {isa = PBXBuildFile; fileRef = E75E68D0292954C10089EE8D /* CollectionViewCell.swift */; };
		E75E68D4292954C10089EE8D /* Main.storyboard in Resources */ = {isa = PBXBuildFile; fileRef = E75E68D1292954C10089EE8D /* Main.storyboard */; };
		E761D9DE292AA8F5005F9A4D /* Skeleton.swift in Sources */ = {isa = PBXBuildFile; fileRef = E761D9DD292AA8F5005F9A4D /* Skeleton.swift */; };
		E76493E82929720C008A8D9E /* UIView+IBInspectable.swift in Sources */ = {isa = PBXBuildFile; fileRef = E76493E72929720C008A8D9E /* UIView+IBInspectable.swift */; };
		E76493EC29297295008A8D9E /* UICollectionView+Extensions.swift in Sources */ = {isa = PBXBuildFile; fileRef = E76493EB29297295008A8D9E /* UICollectionView+Extensions.swift */; };
		E76493EE292972CF008A8D9E /* SkeletonView.swift in Sources */ = {isa = PBXBuildFile; fileRef = E76493ED292972CF008A8D9E /* SkeletonView.swift */; };
		E76493F0292972FF008A8D9E /* UIView+SKExtensions.swift in Sources */ = {isa = PBXBuildFile; fileRef = E76493EF292972FF008A8D9E /* UIView+SKExtensions.swift */; };
		E76493F229297334008A8D9E /* SkeletonGradient.swift in Sources */ = {isa = PBXBuildFile; fileRef = E76493F129297334008A8D9E /* SkeletonGradient.swift */; };
		E76493F429297357008A8D9E /* SkeletonCollectionViewProtocols.swift in Sources */ = {isa = PBXBuildFile; fileRef = E76493F329297357008A8D9E /* SkeletonCollectionViewProtocols.swift */; };
		E76493FB2929738C008A8D9E /* SkeletonCollectionDataSource.swift in Sources */ = {isa = PBXBuildFile; fileRef = E76493F72929738C008A8D9E /* SkeletonCollectionDataSource.swift */; };
		E76493FC2929738C008A8D9E /* SkeletonCollectionDelegate.swift in Sources */ = {isa = PBXBuildFile; fileRef = E76493F82929738C008A8D9E /* SkeletonCollectionDelegate.swift */; };
		E76493FD2929738C008A8D9E /* CollectionSkeleton.swift in Sources */ = {isa = PBXBuildFile; fileRef = E76493F92929738C008A8D9E /* CollectionSkeleton.swift */; };
		E76493FF292973B8008A8D9E /* SkeletonExtended.swift in Sources */ = {isa = PBXBuildFile; fileRef = E76493FE292973B8008A8D9E /* SkeletonExtended.swift */; };
		E76494012929751A008A8D9E /* UICollectionView+CollectionSkeleton.swift in Sources */ = {isa = PBXBuildFile; fileRef = E76494002929751A008A8D9E /* UICollectionView+CollectionSkeleton.swift */; };
		E7649405292975A7008A8D9E /* UIView+SkeletonView.swift in Sources */ = {isa = PBXBuildFile; fileRef = E7649404292975A7008A8D9E /* UIView+SkeletonView.swift */; };
		E76494072929765A008A8D9E /* SkeletonAnimationBuilder.swift in Sources */ = {isa = PBXBuildFile; fileRef = E76494062929765A008A8D9E /* SkeletonAnimationBuilder.swift */; };
		E764940D2929774F008A8D9E /* SkeletonAppearance.swift in Sources */ = {isa = PBXBuildFile; fileRef = E764940C2929774F008A8D9E /* SkeletonAppearance.swift */; };
		E764940F29297779008A8D9E /* SkeletonTransitionStyle.swift in Sources */ = {isa = PBXBuildFile; fileRef = E764940E29297779008A8D9E /* SkeletonTransitionStyle.swift */; };
		E7649411292977AA008A8D9E /* SkeletonConfig.swift in Sources */ = {isa = PBXBuildFile; fileRef = E7649410292977AA008A8D9E /* SkeletonConfig.swift */; };
		E7649413292977D4008A8D9E /* UIView+AssociatedObjects.swift in Sources */ = {isa = PBXBuildFile; fileRef = E7649412292977D4008A8D9E /* UIView+AssociatedObjects.swift */; };
		E764941729297825008A8D9E /* UIView+Extensions.swift in Sources */ = {isa = PBXBuildFile; fileRef = E764941629297825008A8D9E /* UIView+Extensions.swift */; };
		E764941929297852008A8D9E /* Recursive.swift in Sources */ = {isa = PBXBuildFile; fileRef = E764941829297852008A8D9E /* Recursive.swift */; };
		E764941D292978D9008A8D9E /* AssociationPolicy.swift in Sources */ = {isa = PBXBuildFile; fileRef = E764941C292978D9008A8D9E /* AssociationPolicy.swift */; };
		E764941F292978F7008A8D9E /* SkeletonLayer.swift in Sources */ = {isa = PBXBuildFile; fileRef = E764941E292978F7008A8D9E /* SkeletonLayer.swift */; };
		E764942129297934008A8D9E /* UIColor+Skeleton.swift in Sources */ = {isa = PBXBuildFile; fileRef = E764942029297934008A8D9E /* UIColor+Skeleton.swift */; };
		E76494232929797F008A8D9E /* SkeletonTextLineHeight.swift in Sources */ = {isa = PBXBuildFile; fileRef = E76494222929797F008A8D9E /* SkeletonTextLineHeight.swift */; };
		E7649425292979D3008A8D9E /* CALayer+Extensions.swift in Sources */ = {isa = PBXBuildFile; fileRef = E7649424292979D3008A8D9E /* CALayer+Extensions.swift */; };
		E7649427292979F4008A8D9E /* SkeletonMultilinesLayerConfig.swift in Sources */ = {isa = PBXBuildFile; fileRef = E7649426292979F4008A8D9E /* SkeletonMultilinesLayerConfig.swift */; };
		E764942929297A20008A8D9E /* SkeletonMultilineLayerBuilder.swift in Sources */ = {isa = PBXBuildFile; fileRef = E764942829297A20008A8D9E /* SkeletonMultilineLayerBuilder.swift */; };
		E764942B29297A77008A8D9E /* SkeletonTextNode.swift in Sources */ = {isa = PBXBuildFile; fileRef = E764942A29297A77008A8D9E /* SkeletonTextNode.swift */; };
		E764942D29297AAE008A8D9E /* SkeletonTextNumberOfLines.swift in Sources */ = {isa = PBXBuildFile; fileRef = E764942C29297AAE008A8D9E /* SkeletonTextNumberOfLines.swift */; };
		E764943329298143008A8D9E /* UIView+Swizzling.swift in Sources */ = {isa = PBXBuildFile; fileRef = E764943229298143008A8D9E /* UIView+Swizzling.swift */; };
		E764943529298162008A8D9E /* UIView+CollectionSkeleton.swift in Sources */ = {isa = PBXBuildFile; fileRef = E764943429298162008A8D9E /* UIView+CollectionSkeleton.swift */; };
		E76494372929819E008A8D9E /* Recoverable.swift in Sources */ = {isa = PBXBuildFile; fileRef = E76494362929819E008A8D9E /* Recoverable.swift */; };
		E7649439292981B8008A8D9E /* RecoverableViewState.swift in Sources */ = {isa = PBXBuildFile; fileRef = E7649438292981B8008A8D9E /* RecoverableViewState.swift */; };
		E764943B292981F2008A8D9E /* UIView+Transitions.swift in Sources */ = {isa = PBXBuildFile; fileRef = E764943A292981F2008A8D9E /* UIView+Transitions.swift */; };
		E764943D29298226008A8D9E /* UILabel+Extensions.swift in Sources */ = {isa = PBXBuildFile; fileRef = E764943C29298226008A8D9E /* UILabel+Extensions.swift */; };
		E764943F29298261008A8D9E /* PrepareViewForSkeleton.swift in Sources */ = {isa = PBXBuildFile; fileRef = E764943E29298261008A8D9E /* PrepareViewForSkeleton.swift */; };
		E764944129298287008A8D9E /* Swizzling.swift in Sources */ = {isa = PBXBuildFile; fileRef = E764944029298287008A8D9E /* Swizzling.swift */; };
		E7649443292982A5008A8D9E /* DispatchQueue+Extensions.swift in Sources */ = {isa = PBXBuildFile; fileRef = E7649442292982A5008A8D9E /* DispatchQueue+Extensions.swift */; };
		E76494472929836B008A8D9E /* UILabel+IBInspectable.swift in Sources */ = {isa = PBXBuildFile; fileRef = E76494462929836B008A8D9E /* UILabel+IBInspectable.swift */; };
		E764944D292984C6008A8D9E /* SkeletonLayerBuilder.swift in Sources */ = {isa = PBXBuildFile; fileRef = E764944C292984C6008A8D9E /* SkeletonLayerBuilder.swift */; };
/* End PBXBuildFile section */

/* Begin PBXFileReference section */
		E75A9A77291DF221006C6825 /* SkeletonLoading.app */ = {isa = PBXFileReference; explicitFileType = wrapper.application; includeInIndex = 0; path = SkeletonLoading.app; sourceTree = BUILT_PRODUCTS_DIR; };
		E75A9A7A291DF221006C6825 /* AppDelegate.swift */ = {isa = PBXFileReference; lastKnownFileType = sourcecode.swift; path = AppDelegate.swift; sourceTree = "<group>"; };
		E75A9A7C291DF221006C6825 /* SceneDelegate.swift */ = {isa = PBXFileReference; lastKnownFileType = sourcecode.swift; path = SceneDelegate.swift; sourceTree = "<group>"; };
		E75A9A7E291DF221006C6825 /* TestViewController.swift */ = {isa = PBXFileReference; lastKnownFileType = sourcecode.swift; path = TestViewController.swift; sourceTree = "<group>"; };
		E75A9A83291DF223006C6825 /* Assets.xcassets */ = {isa = PBXFileReference; lastKnownFileType = folder.assetcatalog; path = Assets.xcassets; sourceTree = "<group>"; };
		E75A9A86291DF223006C6825 /* Base */ = {isa = PBXFileReference; lastKnownFileType = file.storyboard; name = Base; path = Base.lproj/LaunchScreen.storyboard; sourceTree = "<group>"; };
		E75A9A88291DF223006C6825 /* Info.plist */ = {isa = PBXFileReference; lastKnownFileType = text.plist.xml; path = Info.plist; sourceTree = "<group>"; };
		E75A9A8E291E041C006C6825 /* UserModel.swift */ = {isa = PBXFileReference; lastKnownFileType = sourcecode.swift; path = UserModel.swift; sourceTree = "<group>"; };
		E75A9A90291E04B1006C6825 /* UserCell.swift */ = {isa = PBXFileReference; lastKnownFileType = sourcecode.swift; path = UserCell.swift; sourceTree = "<group>"; };
		E75E68CF292954C10089EE8D /* ViewController.swift */ = {isa = PBXFileReference; fileEncoding = 4; lastKnownFileType = sourcecode.swift; path = ViewController.swift; sourceTree = "<group>"; };
		E75E68D0292954C10089EE8D /* CollectionViewCell.swift */ = {isa = PBXFileReference; fileEncoding = 4; lastKnownFileType = sourcecode.swift; path = CollectionViewCell.swift; sourceTree = "<group>"; };
		E75E68D1292954C10089EE8D /* Main.storyboard */ = {isa = PBXFileReference; fileEncoding = 4; lastKnownFileType = file.storyboard; path = Main.storyboard; sourceTree = "<group>"; };
		E761D9DD292AA8F5005F9A4D /* Skeleton.swift */ = {isa = PBXFileReference; lastKnownFileType = sourcecode.swift; path = Skeleton.swift; sourceTree = "<group>"; };
		E76493E72929720C008A8D9E /* UIView+IBInspectable.swift */ = {isa = PBXFileReference; fileEncoding = 4; lastKnownFileType = sourcecode.swift; path = "UIView+IBInspectable.swift"; sourceTree = "<group>"; };
		E76493EB29297295008A8D9E /* UICollectionView+Extensions.swift */ = {isa = PBXFileReference; fileEncoding = 4; lastKnownFileType = sourcecode.swift; path = "UICollectionView+Extensions.swift"; sourceTree = "<group>"; };
		E76493ED292972CF008A8D9E /* SkeletonView.swift */ = {isa = PBXFileReference; fileEncoding = 4; lastKnownFileType = sourcecode.swift; path = SkeletonView.swift; sourceTree = "<group>"; };
		E76493EF292972FF008A8D9E /* UIView+SKExtensions.swift */ = {isa = PBXFileReference; fileEncoding = 4; lastKnownFileType = sourcecode.swift; path = "UIView+SKExtensions.swift"; sourceTree = "<group>"; };
		E76493F129297334008A8D9E /* SkeletonGradient.swift */ = {isa = PBXFileReference; fileEncoding = 4; lastKnownFileType = sourcecode.swift; path = SkeletonGradient.swift; sourceTree = "<group>"; };
		E76493F329297357008A8D9E /* SkeletonCollectionViewProtocols.swift */ = {isa = PBXFileReference; fileEncoding = 4; lastKnownFileType = sourcecode.swift; path = SkeletonCollectionViewProtocols.swift; sourceTree = "<group>"; };
		E76493F72929738C008A8D9E /* SkeletonCollectionDataSource.swift */ = {isa = PBXFileReference; fileEncoding = 4; lastKnownFileType = sourcecode.swift; path = SkeletonCollectionDataSource.swift; sourceTree = "<group>"; };
		E76493F82929738C008A8D9E /* SkeletonCollectionDelegate.swift */ = {isa = PBXFileReference; fileEncoding = 4; lastKnownFileType = sourcecode.swift; path = SkeletonCollectionDelegate.swift; sourceTree = "<group>"; };
		E76493F92929738C008A8D9E /* CollectionSkeleton.swift */ = {isa = PBXFileReference; fileEncoding = 4; lastKnownFileType = sourcecode.swift; path = CollectionSkeleton.swift; sourceTree = "<group>"; };
		E76493FE292973B8008A8D9E /* SkeletonExtended.swift */ = {isa = PBXFileReference; fileEncoding = 4; lastKnownFileType = sourcecode.swift; path = SkeletonExtended.swift; sourceTree = "<group>"; };
		E76494002929751A008A8D9E /* UICollectionView+CollectionSkeleton.swift */ = {isa = PBXFileReference; fileEncoding = 4; lastKnownFileType = sourcecode.swift; path = "UICollectionView+CollectionSkeleton.swift"; sourceTree = "<group>"; };
		E7649404292975A7008A8D9E /* UIView+SkeletonView.swift */ = {isa = PBXFileReference; fileEncoding = 4; lastKnownFileType = sourcecode.swift; path = "UIView+SkeletonView.swift"; sourceTree = "<group>"; };
		E76494062929765A008A8D9E /* SkeletonAnimationBuilder.swift */ = {isa = PBXFileReference; fileEncoding = 4; lastKnownFileType = sourcecode.swift; path = SkeletonAnimationBuilder.swift; sourceTree = "<group>"; };
		E764940C2929774F008A8D9E /* SkeletonAppearance.swift */ = {isa = PBXFileReference; fileEncoding = 4; lastKnownFileType = sourcecode.swift; path = SkeletonAppearance.swift; sourceTree = "<group>"; };
		E764940E29297779008A8D9E /* SkeletonTransitionStyle.swift */ = {isa = PBXFileReference; fileEncoding = 4; lastKnownFileType = sourcecode.swift; path = SkeletonTransitionStyle.swift; sourceTree = "<group>"; };
		E7649410292977AA008A8D9E /* SkeletonConfig.swift */ = {isa = PBXFileReference; fileEncoding = 4; lastKnownFileType = sourcecode.swift; path = SkeletonConfig.swift; sourceTree = "<group>"; };
		E7649412292977D4008A8D9E /* UIView+AssociatedObjects.swift */ = {isa = PBXFileReference; fileEncoding = 4; lastKnownFileType = sourcecode.swift; path = "UIView+AssociatedObjects.swift"; sourceTree = "<group>"; };
		E764941629297825008A8D9E /* UIView+Extensions.swift */ = {isa = PBXFileReference; fileEncoding = 4; lastKnownFileType = sourcecode.swift; path = "UIView+Extensions.swift"; sourceTree = "<group>"; };
		E764941829297852008A8D9E /* Recursive.swift */ = {isa = PBXFileReference; fileEncoding = 4; lastKnownFileType = sourcecode.swift; path = Recursive.swift; sourceTree = "<group>"; };
		E764941C292978D9008A8D9E /* AssociationPolicy.swift */ = {isa = PBXFileReference; fileEncoding = 4; lastKnownFileType = sourcecode.swift; path = AssociationPolicy.swift; sourceTree = "<group>"; };
		E764941E292978F7008A8D9E /* SkeletonLayer.swift */ = {isa = PBXFileReference; fileEncoding = 4; lastKnownFileType = sourcecode.swift; path = SkeletonLayer.swift; sourceTree = "<group>"; };
		E764942029297934008A8D9E /* UIColor+Skeleton.swift */ = {isa = PBXFileReference; fileEncoding = 4; lastKnownFileType = sourcecode.swift; path = "UIColor+Skeleton.swift"; sourceTree = "<group>"; };
		E76494222929797F008A8D9E /* SkeletonTextLineHeight.swift */ = {isa = PBXFileReference; fileEncoding = 4; lastKnownFileType = sourcecode.swift; path = SkeletonTextLineHeight.swift; sourceTree = "<group>"; };
		E7649424292979D3008A8D9E /* CALayer+Extensions.swift */ = {isa = PBXFileReference; fileEncoding = 4; lastKnownFileType = sourcecode.swift; path = "CALayer+Extensions.swift"; sourceTree = "<group>"; };
		E7649426292979F4008A8D9E /* SkeletonMultilinesLayerConfig.swift */ = {isa = PBXFileReference; fileEncoding = 4; lastKnownFileType = sourcecode.swift; path = SkeletonMultilinesLayerConfig.swift; sourceTree = "<group>"; };
		E764942829297A20008A8D9E /* SkeletonMultilineLayerBuilder.swift */ = {isa = PBXFileReference; fileEncoding = 4; lastKnownFileType = sourcecode.swift; path = SkeletonMultilineLayerBuilder.swift; sourceTree = "<group>"; };
		E764942A29297A77008A8D9E /* SkeletonTextNode.swift */ = {isa = PBXFileReference; fileEncoding = 4; lastKnownFileType = sourcecode.swift; path = SkeletonTextNode.swift; sourceTree = "<group>"; };
		E764942C29297AAE008A8D9E /* SkeletonTextNumberOfLines.swift */ = {isa = PBXFileReference; fileEncoding = 4; lastKnownFileType = sourcecode.swift; path = SkeletonTextNumberOfLines.swift; sourceTree = "<group>"; };
		E764943229298143008A8D9E /* UIView+Swizzling.swift */ = {isa = PBXFileReference; fileEncoding = 4; lastKnownFileType = sourcecode.swift; path = "UIView+Swizzling.swift"; sourceTree = "<group>"; };
		E764943429298162008A8D9E /* UIView+CollectionSkeleton.swift */ = {isa = PBXFileReference; fileEncoding = 4; lastKnownFileType = sourcecode.swift; path = "UIView+CollectionSkeleton.swift"; sourceTree = "<group>"; };
		E76494362929819E008A8D9E /* Recoverable.swift */ = {isa = PBXFileReference; fileEncoding = 4; lastKnownFileType = sourcecode.swift; path = Recoverable.swift; sourceTree = "<group>"; };
		E7649438292981B8008A8D9E /* RecoverableViewState.swift */ = {isa = PBXFileReference; fileEncoding = 4; lastKnownFileType = sourcecode.swift; path = RecoverableViewState.swift; sourceTree = "<group>"; };
		E764943A292981F2008A8D9E /* UIView+Transitions.swift */ = {isa = PBXFileReference; fileEncoding = 4; lastKnownFileType = sourcecode.swift; path = "UIView+Transitions.swift"; sourceTree = "<group>"; };
		E764943C29298226008A8D9E /* UILabel+Extensions.swift */ = {isa = PBXFileReference; fileEncoding = 4; lastKnownFileType = sourcecode.swift; path = "UILabel+Extensions.swift"; sourceTree = "<group>"; };
		E764943E29298261008A8D9E /* PrepareViewForSkeleton.swift */ = {isa = PBXFileReference; fileEncoding = 4; lastKnownFileType = sourcecode.swift; path = PrepareViewForSkeleton.swift; sourceTree = "<group>"; };
		E764944029298287008A8D9E /* Swizzling.swift */ = {isa = PBXFileReference; fileEncoding = 4; lastKnownFileType = sourcecode.swift; path = Swizzling.swift; sourceTree = "<group>"; };
		E7649442292982A5008A8D9E /* DispatchQueue+Extensions.swift */ = {isa = PBXFileReference; fileEncoding = 4; lastKnownFileType = sourcecode.swift; path = "DispatchQueue+Extensions.swift"; sourceTree = "<group>"; };
		E76494462929836B008A8D9E /* UILabel+IBInspectable.swift */ = {isa = PBXFileReference; fileEncoding = 4; lastKnownFileType = sourcecode.swift; path = "UILabel+IBInspectable.swift"; sourceTree = "<group>"; };
		E764944C292984C6008A8D9E /* SkeletonLayerBuilder.swift */ = {isa = PBXFileReference; fileEncoding = 4; lastKnownFileType = sourcecode.swift; path = SkeletonLayerBuilder.swift; sourceTree = "<group>"; };
/* End PBXFileReference section */

/* Begin PBXFrameworksBuildPhase section */
		E75A9A74291DF221006C6825 /* Frameworks */ = {
			isa = PBXFrameworksBuildPhase;
			buildActionMask = 2147483647;
			files = (
			);
			runOnlyForDeploymentPostprocessing = 0;
		};
/* End PBXFrameworksBuildPhase section */

/* Begin PBXGroup section */
		E75A9A6E291DF221006C6825 = {
			isa = PBXGroup;
			children = (
				E75A9A79291DF221006C6825 /* SkeletonLoading */,
				E75A9A78291DF221006C6825 /* Products */,
			);
			sourceTree = "<group>";
		};
		E75A9A78291DF221006C6825 /* Products */ = {
			isa = PBXGroup;
			children = (
				E75A9A77291DF221006C6825 /* SkeletonLoading.app */,
			);
			name = Products;
			sourceTree = "<group>";
		};
		E75A9A79291DF221006C6825 /* SkeletonLoading */ = {
			isa = PBXGroup;
			children = (
				E761D9DB292AA35A005F9A4D /* SkeletonLoadingSource */,
				E76493E6292971B3008A8D9E /* Copy */,
				E75E68D1292954C10089EE8D /* Main.storyboard */,
				E75A9A7A291DF221006C6825 /* AppDelegate.swift */,
				E75A9A7C291DF221006C6825 /* SceneDelegate.swift */,
				E75A9A7E291DF221006C6825 /* TestViewController.swift */,
				E75A9A83291DF223006C6825 /* Assets.xcassets */,
				E75A9A85291DF223006C6825 /* LaunchScreen.storyboard */,
				E75A9A88291DF223006C6825 /* Info.plist */,
				E75A9A8E291E041C006C6825 /* UserModel.swift */,
				E75A9A90291E04B1006C6825 /* UserCell.swift */,
				E75E68D0292954C10089EE8D /* CollectionViewCell.swift */,
				E75E68CF292954C10089EE8D /* ViewController.swift */,
			);
			path = SkeletonLoading;
			sourceTree = "<group>";
		};
		E761D9D8292A386C005F9A4D /* AssociatedObject */ = {
			isa = PBXGroup;
			children = (
				E764941C292978D9008A8D9E /* AssociationPolicy.swift */,
				E7649412292977D4008A8D9E /* UIView+AssociatedObjects.swift */,
			);
			path = AssociatedObject;
			sourceTree = "<group>";
		};
		E761D9D9292A38D1005F9A4D /* Swizzle */ = {
			isa = PBXGroup;
			children = (
				E764943229298143008A8D9E /* UIView+Swizzling.swift */,
				E764944029298287008A8D9E /* Swizzling.swift */,
			);
			path = Swizzle;
			sourceTree = "<group>";
		};
		E761D9DA292A3C67005F9A4D /* RecoverState */ = {
			isa = PBXGroup;
			children = (
				E7649438292981B8008A8D9E /* RecoverableViewState.swift */,
				E76494362929819E008A8D9E /* Recoverable.swift */,
			);
			path = RecoverState;
			sourceTree = "<group>";
		};
		E761D9DB292AA35A005F9A4D /* SkeletonLoadingSource */ = {
			isa = PBXGroup;
			children = (
				E761D9DC292AA782005F9A4D /* Model */,
			);
			path = SkeletonLoadingSource;
			sourceTree = "<group>";
		};
		E761D9DC292AA782005F9A4D /* Model */ = {
			isa = PBXGroup;
			children = (
				E761D9DD292AA8F5005F9A4D /* Skeleton.swift */,
			);
			path = Model;
			sourceTree = "<group>";
		};
		E76493E6292971B3008A8D9E /* Copy */ = {
			isa = PBXGroup;
			children = (
				E7649410292977AA008A8D9E /* SkeletonConfig.swift */,
				E76493ED292972CF008A8D9E /* SkeletonView.swift */,
				E761D9DA292A3C67005F9A4D /* RecoverState */,
				E761D9D9292A38D1005F9A4D /* Swizzle */,
				E761D9D8292A386C005F9A4D /* AssociatedObject */,
				E7649457292986CC008A8D9E /* Skeleton */,
				E764945629298601008A8D9E /* Extension */,
				E76493F52929738C008A8D9E /* UICollectionView */,
				E764943E29298261008A8D9E /* PrepareViewForSkeleton.swift */,
				E7649442292982A5008A8D9E /* DispatchQueue+Extensions.swift */,
				E764941829297852008A8D9E /* Recursive.swift */,
			);
			path = Copy;
			sourceTree = "<group>";
		};
		E76493F52929738C008A8D9E /* UICollectionView */ = {
			isa = PBXGroup;
			children = (
				E764943429298162008A8D9E /* UIView+CollectionSkeleton.swift */,
				E76493F329297357008A8D9E /* SkeletonCollectionViewProtocols.swift */,
				E76493EB29297295008A8D9E /* UICollectionView+Extensions.swift */,
				E76494002929751A008A8D9E /* UICollectionView+CollectionSkeleton.swift */,
				E76493F72929738C008A8D9E /* SkeletonCollectionDataSource.swift */,
				E76493F82929738C008A8D9E /* SkeletonCollectionDelegate.swift */,
				E76493F92929738C008A8D9E /* CollectionSkeleton.swift */,
			);
			path = UICollectionView;
			sourceTree = "<group>";
		};
		E764945629298601008A8D9E /* Extension */ = {
			isa = PBXGroup;
			children = (
				E764942029297934008A8D9E /* UIColor+Skeleton.swift */,
				E764943A292981F2008A8D9E /* UIView+Transitions.swift */,
				E7649404292975A7008A8D9E /* UIView+SkeletonView.swift */,
				E764941629297825008A8D9E /* UIView+Extensions.swift */,
				E76493EF292972FF008A8D9E /* UIView+SKExtensions.swift */,
				E76493E72929720C008A8D9E /* UIView+IBInspectable.swift */,
				E76494462929836B008A8D9E /* UILabel+IBInspectable.swift */,
				E764943C29298226008A8D9E /* UILabel+Extensions.swift */,
				E7649424292979D3008A8D9E /* CALayer+Extensions.swift */,
			);
			path = Extension;
			sourceTree = "<group>";
		};
		E7649457292986CC008A8D9E /* Skeleton */ = {
			isa = PBXGroup;
			children = (
				E764940E29297779008A8D9E /* SkeletonTransitionStyle.swift */,
				E764940C2929774F008A8D9E /* SkeletonAppearance.swift */,
				E76494062929765A008A8D9E /* SkeletonAnimationBuilder.swift */,
				E76493FE292973B8008A8D9E /* SkeletonExtended.swift */,
				E76493F129297334008A8D9E /* SkeletonGradient.swift */,
				E76494222929797F008A8D9E /* SkeletonTextLineHeight.swift */,
				E764941E292978F7008A8D9E /* SkeletonLayer.swift */,
				E764942C29297AAE008A8D9E /* SkeletonTextNumberOfLines.swift */,
				E764942A29297A77008A8D9E /* SkeletonTextNode.swift */,
				E764942829297A20008A8D9E /* SkeletonMultilineLayerBuilder.swift */,
				E7649426292979F4008A8D9E /* SkeletonMultilinesLayerConfig.swift */,
				E764944C292984C6008A8D9E /* SkeletonLayerBuilder.swift */,
			);
			path = Skeleton;
			sourceTree = "<group>";
		};
/* End PBXGroup section */

/* Begin PBXNativeTarget section */
		E75A9A76291DF221006C6825 /* SkeletonLoading */ = {
			isa = PBXNativeTarget;
			buildConfigurationList = E75A9A8B291DF223006C6825 /* Build configuration list for PBXNativeTarget "SkeletonLoading" */;
			buildPhases = (
				E75A9A73291DF221006C6825 /* Sources */,
				E75A9A74291DF221006C6825 /* Frameworks */,
				E75A9A75291DF221006C6825 /* Resources */,
			);
			buildRules = (
			);
			dependencies = (
			);
			name = SkeletonLoading;
			productName = SkeletonLoading;
			productReference = E75A9A77291DF221006C6825 /* SkeletonLoading.app */;
			productType = "com.apple.product-type.application";
		};
/* End PBXNativeTarget section */

/* Begin PBXProject section */
		E75A9A6F291DF221006C6825 /* Project object */ = {
			isa = PBXProject;
			attributes = {
				BuildIndependentTargetsInParallel = 1;
				LastSwiftUpdateCheck = 1400;
				LastUpgradeCheck = 1400;
				TargetAttributes = {
					E75A9A76291DF221006C6825 = {
						CreatedOnToolsVersion = 14.0.1;
					};
				};
			};
			buildConfigurationList = E75A9A72291DF221006C6825 /* Build configuration list for PBXProject "SkeletonLoading" */;
			compatibilityVersion = "Xcode 14.0";
			developmentRegion = en;
			hasScannedForEncodings = 0;
			knownRegions = (
				en,
				Base,
			);
			mainGroup = E75A9A6E291DF221006C6825;
			productRefGroup = E75A9A78291DF221006C6825 /* Products */;
			projectDirPath = "";
			projectRoot = "";
			targets = (
				E75A9A76291DF221006C6825 /* SkeletonLoading */,
			);
		};
/* End PBXProject section */

/* Begin PBXResourcesBuildPhase section */
		E75A9A75291DF221006C6825 /* Resources */ = {
			isa = PBXResourcesBuildPhase;
			buildActionMask = 2147483647;
			files = (
				E75E68D4292954C10089EE8D /* Main.storyboard in Resources */,
				E75A9A87291DF223006C6825 /* LaunchScreen.storyboard in Resources */,
				E75A9A84291DF223006C6825 /* Assets.xcassets in Resources */,
			);
			runOnlyForDeploymentPostprocessing = 0;
		};
/* End PBXResourcesBuildPhase section */

/* Begin PBXSourcesBuildPhase section */
		E75A9A73291DF221006C6825 /* Sources */ = {
			isa = PBXSourcesBuildPhase;
			buildActionMask = 2147483647;
			files = (
				E7649425292979D3008A8D9E /* CALayer+Extensions.swift in Sources */,
				E7649443292982A5008A8D9E /* DispatchQueue+Extensions.swift in Sources */,
				E75E68D3292954C10089EE8D /* CollectionViewCell.swift in Sources */,
				E75E68D2292954C10089EE8D /* ViewController.swift in Sources */,
				E764942929297A20008A8D9E /* SkeletonMultilineLayerBuilder.swift in Sources */,
				E764941F292978F7008A8D9E /* SkeletonLayer.swift in Sources */,
				E76493FC2929738C008A8D9E /* SkeletonCollectionDelegate.swift in Sources */,
				E7649413292977D4008A8D9E /* UIView+AssociatedObjects.swift in Sources */,
				E764940F29297779008A8D9E /* SkeletonTransitionStyle.swift in Sources */,
				E76493EC29297295008A8D9E /* UICollectionView+Extensions.swift in Sources */,
				E764943529298162008A8D9E /* UIView+CollectionSkeleton.swift in Sources */,
				E7649427292979F4008A8D9E /* SkeletonMultilinesLayerConfig.swift in Sources */,
				E75A9A7F291DF221006C6825 /* TestViewController.swift in Sources */,
				E76493F229297334008A8D9E /* SkeletonGradient.swift in Sources */,
				E76493FD2929738C008A8D9E /* CollectionSkeleton.swift in Sources */,
				E764940D2929774F008A8D9E /* SkeletonAppearance.swift in Sources */,
				E75A9A7B291DF221006C6825 /* AppDelegate.swift in Sources */,
				E764941D292978D9008A8D9E /* AssociationPolicy.swift in Sources */,
				E764943329298143008A8D9E /* UIView+Swizzling.swift in Sources */,
				E764941929297852008A8D9E /* Recursive.swift in Sources */,
				E76493EE292972CF008A8D9E /* SkeletonView.swift in Sources */,
				E764941729297825008A8D9E /* UIView+Extensions.swift in Sources */,
				E7649439292981B8008A8D9E /* RecoverableViewState.swift in Sources */,
				E76493F429297357008A8D9E /* SkeletonCollectionViewProtocols.swift in Sources */,
				E764942D29297AAE008A8D9E /* SkeletonTextNumberOfLines.swift in Sources */,
				E764942129297934008A8D9E /* UIColor+Skeleton.swift in Sources */,
				E764942B29297A77008A8D9E /* SkeletonTextNode.swift in Sources */,
				E76493F0292972FF008A8D9E /* UIView+SKExtensions.swift in Sources */,
				E75A9A8F291E041C006C6825 /* UserModel.swift in Sources */,
				E76494012929751A008A8D9E /* UICollectionView+CollectionSkeleton.swift in Sources */,
				E75A9A91291E04B1006C6825 /* UserCell.swift in Sources */,
				E76494232929797F008A8D9E /* SkeletonTextLineHeight.swift in Sources */,
				E764943B292981F2008A8D9E /* UIView+Transitions.swift in Sources */,
				E76494372929819E008A8D9E /* Recoverable.swift in Sources */,
				E76494072929765A008A8D9E /* SkeletonAnimationBuilder.swift in Sources */,
				E761D9DE292AA8F5005F9A4D /* Skeleton.swift in Sources */,
				E76493E82929720C008A8D9E /* UIView+IBInspectable.swift in Sources */,
				E764943D29298226008A8D9E /* UILabel+Extensions.swift in Sources */,
				E76493FB2929738C008A8D9E /* SkeletonCollectionDataSource.swift in Sources */,
				E764944129298287008A8D9E /* Swizzling.swift in Sources */,
				E7649405292975A7008A8D9E /* UIView+SkeletonView.swift in Sources */,
				E76493FF292973B8008A8D9E /* SkeletonExtended.swift in Sources */,
				E76494472929836B008A8D9E /* UILabel+IBInspectable.swift in Sources */,
				E764943F29298261008A8D9E /* PrepareViewForSkeleton.swift in Sources */,
				E75A9A7D291DF221006C6825 /* SceneDelegate.swift in Sources */,
				E764944D292984C6008A8D9E /* SkeletonLayerBuilder.swift in Sources */,
				E7649411292977AA008A8D9E /* SkeletonConfig.swift in Sources */,
			);
			runOnlyForDeploymentPostprocessing = 0;
		};
/* End PBXSourcesBuildPhase section */

/* Begin PBXVariantGroup section */
		E75A9A85291DF223006C6825 /* LaunchScreen.storyboard */ = {
			isa = PBXVariantGroup;
			children = (
				E75A9A86291DF223006C6825 /* Base */,
			);
			name = LaunchScreen.storyboard;
			sourceTree = "<group>";
		};
/* End PBXVariantGroup section */

/* Begin XCBuildConfiguration section */
		E75A9A89291DF223006C6825 /* Debug */ = {
			isa = XCBuildConfiguration;
			buildSettings = {
				ALWAYS_SEARCH_USER_PATHS = NO;
				CLANG_ANALYZER_NONNULL = YES;
				CLANG_ANALYZER_NUMBER_OBJECT_CONVERSION = YES_AGGRESSIVE;
				CLANG_CXX_LANGUAGE_STANDARD = "gnu++20";
				CLANG_ENABLE_MODULES = YES;
				CLANG_ENABLE_OBJC_ARC = YES;
				CLANG_ENABLE_OBJC_WEAK = YES;
				CLANG_WARN_BLOCK_CAPTURE_AUTORELEASING = YES;
				CLANG_WARN_BOOL_CONVERSION = YES;
				CLANG_WARN_COMMA = YES;
				CLANG_WARN_CONSTANT_CONVERSION = YES;
				CLANG_WARN_DEPRECATED_OBJC_IMPLEMENTATIONS = YES;
				CLANG_WARN_DIRECT_OBJC_ISA_USAGE = YES_ERROR;
				CLANG_WARN_DOCUMENTATION_COMMENTS = YES;
				CLANG_WARN_EMPTY_BODY = YES;
				CLANG_WARN_ENUM_CONVERSION = YES;
				CLANG_WARN_INFINITE_RECURSION = YES;
				CLANG_WARN_INT_CONVERSION = YES;
				CLANG_WARN_NON_LITERAL_NULL_CONVERSION = YES;
				CLANG_WARN_OBJC_IMPLICIT_RETAIN_SELF = YES;
				CLANG_WARN_OBJC_LITERAL_CONVERSION = YES;
				CLANG_WARN_OBJC_ROOT_CLASS = YES_ERROR;
				CLANG_WARN_QUOTED_INCLUDE_IN_FRAMEWORK_HEADER = YES;
				CLANG_WARN_RANGE_LOOP_ANALYSIS = YES;
				CLANG_WARN_STRICT_PROTOTYPES = YES;
				CLANG_WARN_SUSPICIOUS_MOVE = YES;
				CLANG_WARN_UNGUARDED_AVAILABILITY = YES_AGGRESSIVE;
				CLANG_WARN_UNREACHABLE_CODE = YES;
				CLANG_WARN__DUPLICATE_METHOD_MATCH = YES;
				COPY_PHASE_STRIP = NO;
				DEBUG_INFORMATION_FORMAT = dwarf;
				ENABLE_STRICT_OBJC_MSGSEND = YES;
				ENABLE_TESTABILITY = YES;
				GCC_C_LANGUAGE_STANDARD = gnu11;
				GCC_DYNAMIC_NO_PIC = NO;
				GCC_NO_COMMON_BLOCKS = YES;
				GCC_OPTIMIZATION_LEVEL = 0;
				GCC_PREPROCESSOR_DEFINITIONS = (
					"DEBUG=1",
					"$(inherited)",
				);
				GCC_WARN_64_TO_32_BIT_CONVERSION = YES;
				GCC_WARN_ABOUT_RETURN_TYPE = YES_ERROR;
				GCC_WARN_UNDECLARED_SELECTOR = YES;
				GCC_WARN_UNINITIALIZED_AUTOS = YES_AGGRESSIVE;
				GCC_WARN_UNUSED_FUNCTION = YES;
				GCC_WARN_UNUSED_VARIABLE = YES;
				IPHONEOS_DEPLOYMENT_TARGET = 16.0;
				MTL_ENABLE_DEBUG_INFO = INCLUDE_SOURCE;
				MTL_FAST_MATH = YES;
				ONLY_ACTIVE_ARCH = YES;
				SDKROOT = iphoneos;
				SWIFT_ACTIVE_COMPILATION_CONDITIONS = DEBUG;
				SWIFT_OPTIMIZATION_LEVEL = "-Onone";
			};
			name = Debug;
		};
		E75A9A8A291DF223006C6825 /* Release */ = {
			isa = XCBuildConfiguration;
			buildSettings = {
				ALWAYS_SEARCH_USER_PATHS = NO;
				CLANG_ANALYZER_NONNULL = YES;
				CLANG_ANALYZER_NUMBER_OBJECT_CONVERSION = YES_AGGRESSIVE;
				CLANG_CXX_LANGUAGE_STANDARD = "gnu++20";
				CLANG_ENABLE_MODULES = YES;
				CLANG_ENABLE_OBJC_ARC = YES;
				CLANG_ENABLE_OBJC_WEAK = YES;
				CLANG_WARN_BLOCK_CAPTURE_AUTORELEASING = YES;
				CLANG_WARN_BOOL_CONVERSION = YES;
				CLANG_WARN_COMMA = YES;
				CLANG_WARN_CONSTANT_CONVERSION = YES;
				CLANG_WARN_DEPRECATED_OBJC_IMPLEMENTATIONS = YES;
				CLANG_WARN_DIRECT_OBJC_ISA_USAGE = YES_ERROR;
				CLANG_WARN_DOCUMENTATION_COMMENTS = YES;
				CLANG_WARN_EMPTY_BODY = YES;
				CLANG_WARN_ENUM_CONVERSION = YES;
				CLANG_WARN_INFINITE_RECURSION = YES;
				CLANG_WARN_INT_CONVERSION = YES;
				CLANG_WARN_NON_LITERAL_NULL_CONVERSION = YES;
				CLANG_WARN_OBJC_IMPLICIT_RETAIN_SELF = YES;
				CLANG_WARN_OBJC_LITERAL_CONVERSION = YES;
				CLANG_WARN_OBJC_ROOT_CLASS = YES_ERROR;
				CLANG_WARN_QUOTED_INCLUDE_IN_FRAMEWORK_HEADER = YES;
				CLANG_WARN_RANGE_LOOP_ANALYSIS = YES;
				CLANG_WARN_STRICT_PROTOTYPES = YES;
				CLANG_WARN_SUSPICIOUS_MOVE = YES;
				CLANG_WARN_UNGUARDED_AVAILABILITY = YES_AGGRESSIVE;
				CLANG_WARN_UNREACHABLE_CODE = YES;
				CLANG_WARN__DUPLICATE_METHOD_MATCH = YES;
				COPY_PHASE_STRIP = NO;
				DEBUG_INFORMATION_FORMAT = "dwarf-with-dsym";
				ENABLE_NS_ASSERTIONS = NO;
				ENABLE_STRICT_OBJC_MSGSEND = YES;
				GCC_C_LANGUAGE_STANDARD = gnu11;
				GCC_NO_COMMON_BLOCKS = YES;
				GCC_WARN_64_TO_32_BIT_CONVERSION = YES;
				GCC_WARN_ABOUT_RETURN_TYPE = YES_ERROR;
				GCC_WARN_UNDECLARED_SELECTOR = YES;
				GCC_WARN_UNINITIALIZED_AUTOS = YES_AGGRESSIVE;
				GCC_WARN_UNUSED_FUNCTION = YES;
				GCC_WARN_UNUSED_VARIABLE = YES;
				IPHONEOS_DEPLOYMENT_TARGET = 16.0;
				MTL_ENABLE_DEBUG_INFO = NO;
				MTL_FAST_MATH = YES;
				SDKROOT = iphoneos;
				SWIFT_COMPILATION_MODE = wholemodule;
				SWIFT_OPTIMIZATION_LEVEL = "-O";
				VALIDATE_PRODUCT = YES;
			};
			name = Release;
		};
		E75A9A8C291DF223006C6825 /* Debug */ = {
			isa = XCBuildConfiguration;
			buildSettings = {
				ASSETCATALOG_COMPILER_APPICON_NAME = AppIcon;
				ASSETCATALOG_COMPILER_GLOBAL_ACCENT_COLOR_NAME = AccentColor;
				CODE_SIGN_STYLE = Automatic;
				CURRENT_PROJECT_VERSION = 1;
				GENERATE_INFOPLIST_FILE = YES;
				INFOPLIST_FILE = SkeletonLoading/Info.plist;
				INFOPLIST_KEY_UIApplicationSupportsIndirectInputEvents = YES;
				INFOPLIST_KEY_UILaunchStoryboardName = LaunchScreen;
				INFOPLIST_KEY_UISupportedInterfaceOrientations_iPad = "UIInterfaceOrientationPortrait UIInterfaceOrientationPortraitUpsideDown UIInterfaceOrientationLandscapeLeft UIInterfaceOrientationLandscapeRight";
				INFOPLIST_KEY_UISupportedInterfaceOrientations_iPhone = "UIInterfaceOrientationPortrait UIInterfaceOrientationLandscapeLeft UIInterfaceOrientationLandscapeRight";
				LD_RUNPATH_SEARCH_PATHS = (
					"$(inherited)",
					"@executable_path/Frameworks",
				);
				MARKETING_VERSION = 1.0;
				PRODUCT_BUNDLE_IDENTIFIER = "Long-Thien.SkeletonLoading";
				PRODUCT_NAME = "$(TARGET_NAME)";
				SWIFT_EMIT_LOC_STRINGS = YES;
				SWIFT_VERSION = 5.0;
				TARGETED_DEVICE_FAMILY = "1,2";
			};
			name = Debug;
		};
		E75A9A8D291DF223006C6825 /* Release */ = {
			isa = XCBuildConfiguration;
			buildSettings = {
				ASSETCATALOG_COMPILER_APPICON_NAME = AppIcon;
				ASSETCATALOG_COMPILER_GLOBAL_ACCENT_COLOR_NAME = AccentColor;
				CODE_SIGN_STYLE = Automatic;
				CURRENT_PROJECT_VERSION = 1;
				GENERATE_INFOPLIST_FILE = YES;
				INFOPLIST_FILE = SkeletonLoading/Info.plist;
				INFOPLIST_KEY_UIApplicationSupportsIndirectInputEvents = YES;
				INFOPLIST_KEY_UILaunchStoryboardName = LaunchScreen;
				INFOPLIST_KEY_UISupportedInterfaceOrientations_iPad = "UIInterfaceOrientationPortrait UIInterfaceOrientationPortraitUpsideDown UIInterfaceOrientationLandscapeLeft UIInterfaceOrientationLandscapeRight";
				INFOPLIST_KEY_UISupportedInterfaceOrientations_iPhone = "UIInterfaceOrientationPortrait UIInterfaceOrientationLandscapeLeft UIInterfaceOrientationLandscapeRight";
				LD_RUNPATH_SEARCH_PATHS = (
					"$(inherited)",
					"@executable_path/Frameworks",
				);
				MARKETING_VERSION = 1.0;
				PRODUCT_BUNDLE_IDENTIFIER = "Long-Thien.SkeletonLoading";
				PRODUCT_NAME = "$(TARGET_NAME)";
				SWIFT_EMIT_LOC_STRINGS = YES;
				SWIFT_VERSION = 5.0;
				TARGETED_DEVICE_FAMILY = "1,2";
			};
			name = Release;
		};
/* End XCBuildConfiguration section */

/* Begin XCConfigurationList section */
		E75A9A72291DF221006C6825 /* Build configuration list for PBXProject "SkeletonLoading" */ = {
			isa = XCConfigurationList;
			buildConfigurations = (
				E75A9A89291DF223006C6825 /* Debug */,
				E75A9A8A291DF223006C6825 /* Release */,
			);
			defaultConfigurationIsVisible = 0;
			defaultConfigurationName = Release;
		};
		E75A9A8B291DF223006C6825 /* Build configuration list for PBXNativeTarget "SkeletonLoading" */ = {
			isa = XCConfigurationList;
			buildConfigurations = (
				E75A9A8C291DF223006C6825 /* Debug */,
				E75A9A8D291DF223006C6825 /* Release */,
			);
			defaultConfigurationIsVisible = 0;
			defaultConfigurationName = Release;
		};
/* End XCConfigurationList section */
	};
	rootObject = E75A9A6F291DF221006C6825 /* Project object */;
}
